
Microsoft Visual Studio Solution File, Format Version 12.00
# Visual Studio Version 17
VisualStudioVersion = 17.3.32825.248
MinimumVisualStudioVersion = 10.0.40219.1
Project("{FAE04EC0-301F-11D3-BF4B-00C04F79EFBC}") = "laba4", "laba4\laba4.csproj", "{C7106CBF-BCBD-4753-8B64-76B3A17857E4}"
EndProject
Global
	GlobalSection(SolutionConfigurationPlatforms) = preSolution
		Debug|Any CPU = Debug|Any CPU
		Release|Any CPU = Release|Any CPU
	EndGlobalSection
	GlobalSection(ProjectConfigurationPlatforms) = postSolution
		{C7106CBF-BCBD-4753-8B64-76B3A17857E4}.Debug|Any CPU.ActiveCfg = Debug|Any CPU
		{C7106CBF-BCBD-4753-8B64-76B3A17857E4}.Debug|Any CPU.Build.0 = Debug|Any CPU
		{C7106CBF-BCBD-4753-8B64-76B3A17857E4}.Release|Any CPU.ActiveCfg = Release|Any CPU
		{C7106CBF-BCBD-4753-8B64-76B3A17857E4}.Release|Any CPU.Build.0 = Release|Any CPU
	EndGlobalSection
	GlobalSection(SolutionProperties) = preSolution
		HideSolutionNode = FALSE
	EndGlobalSection
	GlobalSection(ExtensibilityGlobals) = postSolution
		SolutionGuid = {4C47B5DB-901B-4D6E-8DAB-CE84AE6D6E01}
	EndGlobalSection
EndGlobal
